// !$*UTF8*$!
{
	archiveVersion = 1;
	classes = {
	};
	objectVersion = 56;
	objects = {

/* Begin PBXBuildFile section */
		3285D0F72AB86C1600584B29 /* SignUpViewController.swift in Sources */ = {isa = PBXBuildFile; fileRef = 3285D0F62AB86C1600584B29 /* SignUpViewController.swift */; };
		3285D0F92AB86CB700584B29 /* SignUpView.swift in Sources */ = {isa = PBXBuildFile; fileRef = 3285D0F82AB86CB700584B29 /* SignUpView.swift */; };
		3285D0FB2AB870B600584B29 /* SignUpFieldType.swift in Sources */ = {isa = PBXBuildFile; fileRef = 3285D0FA2AB870B600584B29 /* SignUpFieldType.swift */; };
		3285D0FD2AB89D0400584B29 /* SignUpViewModel.swift in Sources */ = {isa = PBXBuildFile; fileRef = 3285D0FC2AB89D0400584B29 /* SignUpViewModel.swift */; };
		7E87263A2AAE993B000BF9A7 /* AppDelegate.swift in Sources */ = {isa = PBXBuildFile; fileRef = 7E8726392AAE993B000BF9A7 /* AppDelegate.swift */; };
		7E87263C2AAE993B000BF9A7 /* SceneDelegate.swift in Sources */ = {isa = PBXBuildFile; fileRef = 7E87263B2AAE993B000BF9A7 /* SceneDelegate.swift */; };
		7E87263E2AAE993B000BF9A7 /* ViewController.swift in Sources */ = {isa = PBXBuildFile; fileRef = 7E87263D2AAE993B000BF9A7 /* ViewController.swift */; };
		7E8726412AAE993B000BF9A7 /* Main.storyboard in Resources */ = {isa = PBXBuildFile; fileRef = 7E87263F2AAE993B000BF9A7 /* Main.storyboard */; };
		7E8726432AAE993C000BF9A7 /* Assets.xcassets in Resources */ = {isa = PBXBuildFile; fileRef = 7E8726422AAE993C000BF9A7 /* Assets.xcassets */; };
		7E8726462AAE993C000BF9A7 /* LaunchScreen.storyboard in Resources */ = {isa = PBXBuildFile; fileRef = 7E8726442AAE993C000BF9A7 /* LaunchScreen.storyboard */; };
		7E8726552AAEAE2C000BF9A7 /* Localizable.strings in Resources */ = {isa = PBXBuildFile; fileRef = 7E8726572AAEAE2C000BF9A7 /* Localizable.strings */; };
		7E87265B2AAEBAB2000BF9A7 /* String+Extension.swift in Sources */ = {isa = PBXBuildFile; fileRef = 7E87265A2AAEBAB2000BF9A7 /* String+Extension.swift */; };
		7E87265E2AAEBDDC000BF9A7 /* InfoPlist.strings in Resources */ = {isa = PBXBuildFile; fileRef = 7E8726602AAEBDDC000BF9A7 /* InfoPlist.strings */; };
		7E87266C2AAFED54000BF9A7 /* LoginViewController.swift in Sources */ = {isa = PBXBuildFile; fileRef = 7E87266B2AAFED54000BF9A7 /* LoginViewController.swift */; };
		7E87266E2AAFF2FB000BF9A7 /* Observable.swift in Sources */ = {isa = PBXBuildFile; fileRef = 7E87266D2AAFF2FB000BF9A7 /* Observable.swift */; };
		7E8726702AAFFDE7000BF9A7 /* SampleViewController.swift in Sources */ = {isa = PBXBuildFile; fileRef = 7E87266F2AAFFDE7000BF9A7 /* SampleViewController.swift */; };
		7E8726732AB0015A000BF9A7 /* SampleViewModel.swift in Sources */ = {isa = PBXBuildFile; fileRef = 7E8726722AB0015A000BF9A7 /* SampleViewModel.swift */; };
		7E8726752AB00E45000BF9A7 /* LoginViewModel.swift in Sources */ = {isa = PBXBuildFile; fileRef = 7E8726742AB00E45000BF9A7 /* LoginViewModel.swift */; };
		7E8726782AB02A47000BF9A7 /* Photo.swift in Sources */ = {isa = PBXBuildFile; fileRef = 7E8726772AB02A47000BF9A7 /* Photo.swift */; };
		7E87267A2AB02A5D000BF9A7 /* APIService.swift in Sources */ = {isa = PBXBuildFile; fileRef = 7E8726792AB02A5D000BF9A7 /* APIService.swift */; };
		7E87267C2AB02B44000BF9A7 /* PhotoViewController.swift in Sources */ = {isa = PBXBuildFile; fileRef = 7E87267B2AB02B44000BF9A7 /* PhotoViewController.swift */; };
		7E87267E2AB02DA5000BF9A7 /* PhotoViewModel.swift in Sources */ = {isa = PBXBuildFile; fileRef = 7E87267D2AB02DA5000BF9A7 /* PhotoViewModel.swift */; };
		7E8726812AB139D9000BF9A7 /* CalculateViewController.swift in Sources */ = {isa = PBXBuildFile; fileRef = 7E8726802AB139D9000BF9A7 /* CalculateViewController.swift */; };
		7E8726832AB13B44000BF9A7 /* CalculateViewModel.swift in Sources */ = {isa = PBXBuildFile; fileRef = 7E8726822AB13B44000BF9A7 /* CalculateViewModel.swift */; };
		7E8726852AB13DAC000BF9A7 /* CalObservable.swift in Sources */ = {isa = PBXBuildFile; fileRef = 7E8726842AB13DAC000BF9A7 /* CalObservable.swift */; };
		7E87268F2AB296FC000BF9A7 /* SimpleTableViewController.swift in Sources */ = {isa = PBXBuildFile; fileRef = 7E87268E2AB296FC000BF9A7 /* SimpleTableViewController.swift */; };
		7E8726912AB2A00F000BF9A7 /* SimpleCollectionViewController.swift in Sources */ = {isa = PBXBuildFile; fileRef = 7E8726902AB2A00F000BF9A7 /* SimpleCollectionViewController.swift */; };
		7E8726942AB2A9DA000BF9A7 /* SnapKit in Frameworks */ = {isa = PBXBuildFile; productRef = 7E8726932AB2A9DA000BF9A7 /* SnapKit */; };
		7E87269A2AB73E67000BF9A7 /* FocusModeViewController.swift in Sources */ = {isa = PBXBuildFile; fileRef = 7E8726992AB73E67000BF9A7 /* FocusModeViewController.swift */; };
		7E87269C2AB74043000BF9A7 /* FocusMode.swift in Sources */ = {isa = PBXBuildFile; fileRef = 7E87269B2AB74043000BF9A7 /* FocusMode.swift */; };
		7E87269E2AB74D75000BF9A7 /* FocusModeType.swift in Sources */ = {isa = PBXBuildFile; fileRef = 7E87269D2AB74D75000BF9A7 /* FocusModeType.swift */; };
		7E8726A02AB7D345000BF9A7 /* NumberViewController.swift in Sources */ = {isa = PBXBuildFile; fileRef = 7E87269F2AB7D345000BF9A7 /* NumberViewController.swift */; };
		7E8726A22AB7D931000BF9A7 /* NumberViewModel.swift in Sources */ = {isa = PBXBuildFile; fileRef = 7E8726A12AB7D931000BF9A7 /* NumberViewModel.swift */; };
		7E8726A42AB7E79E000BF9A7 /* SimpleViewModel.swift in Sources */ = {isa = PBXBuildFile; fileRef = 7E8726A32AB7E79E000BF9A7 /* SimpleViewModel.swift */; };
		7E8726A62AB8BD73000BF9A7 /* .gitignore in Resources */ = {isa = PBXBuildFile; fileRef = 7E8726A52AB8BD73000BF9A7 /* .gitignore */; };
/* End PBXBuildFile section */

/* Begin PBXFileReference section */
		3285D0F62AB86C1600584B29 /* SignUpViewController.swift */ = {isa = PBXFileReference; lastKnownFileType = sourcecode.swift; path = SignUpViewController.swift; sourceTree = "<group>"; };
		3285D0F82AB86CB700584B29 /* SignUpView.swift */ = {isa = PBXFileReference; lastKnownFileType = sourcecode.swift; path = SignUpView.swift; sourceTree = "<group>"; };
		3285D0FA2AB870B600584B29 /* SignUpFieldType.swift */ = {isa = PBXFileReference; lastKnownFileType = sourcecode.swift; path = SignUpFieldType.swift; sourceTree = "<group>"; };
		3285D0FC2AB89D0400584B29 /* SignUpViewModel.swift */ = {isa = PBXFileReference; lastKnownFileType = sourcecode.swift; path = SignUpViewModel.swift; sourceTree = "<group>"; };
		7E8726362AAE993B000BF9A7 /* SeSACUnsplash.app */ = {isa = PBXFileReference; explicitFileType = wrapper.application; includeInIndex = 0; path = SeSACUnsplash.app; sourceTree = BUILT_PRODUCTS_DIR; };
		7E8726392AAE993B000BF9A7 /* AppDelegate.swift */ = {isa = PBXFileReference; lastKnownFileType = sourcecode.swift; path = AppDelegate.swift; sourceTree = "<group>"; };
		7E87263B2AAE993B000BF9A7 /* SceneDelegate.swift */ = {isa = PBXFileReference; lastKnownFileType = sourcecode.swift; path = SceneDelegate.swift; sourceTree = "<group>"; };
		7E87263D2AAE993B000BF9A7 /* ViewController.swift */ = {isa = PBXFileReference; lastKnownFileType = sourcecode.swift; path = ViewController.swift; sourceTree = "<group>"; };
		7E8726402AAE993B000BF9A7 /* Base */ = {isa = PBXFileReference; lastKnownFileType = file.storyboard; name = Base; path = Base.lproj/Main.storyboard; sourceTree = "<group>"; };
		7E8726422AAE993C000BF9A7 /* Assets.xcassets */ = {isa = PBXFileReference; lastKnownFileType = folder.assetcatalog; path = Assets.xcassets; sourceTree = "<group>"; };
		7E8726452AAE993C000BF9A7 /* Base */ = {isa = PBXFileReference; lastKnownFileType = file.storyboard; name = Base; path = Base.lproj/LaunchScreen.storyboard; sourceTree = "<group>"; };
		7E8726472AAE993C000BF9A7 /* Info.plist */ = {isa = PBXFileReference; lastKnownFileType = text.plist.xml; path = Info.plist; sourceTree = "<group>"; };
		7E87264D2AAE9CB9000BF9A7 /* ko */ = {isa = PBXFileReference; lastKnownFileType = text.plist.strings; name = ko; path = ko.lproj/Main.strings; sourceTree = "<group>"; };
		7E87264E2AAE9CB9000BF9A7 /* ko */ = {isa = PBXFileReference; lastKnownFileType = text.plist.strings; name = ko; path = ko.lproj/LaunchScreen.strings; sourceTree = "<group>"; };
		7E87264F2AAE9CC1000BF9A7 /* ja */ = {isa = PBXFileReference; lastKnownFileType = text.plist.strings; name = ja; path = ja.lproj/Main.strings; sourceTree = "<group>"; };
		7E8726502AAE9CC1000BF9A7 /* ja */ = {isa = PBXFileReference; lastKnownFileType = text.plist.strings; name = ja; path = ja.lproj/LaunchScreen.strings; sourceTree = "<group>"; };
		7E8726522AAE9DBE000BF9A7 /* en */ = {isa = PBXFileReference; lastKnownFileType = text.plist.strings; name = en; path = en.lproj/Main.strings; sourceTree = "<group>"; };
		7E8726562AAEAE2C000BF9A7 /* en */ = {isa = PBXFileReference; lastKnownFileType = text.plist.strings; name = en; path = en.lproj/Localizable.strings; sourceTree = "<group>"; };
		7E8726582AAEAE3A000BF9A7 /* ja */ = {isa = PBXFileReference; lastKnownFileType = text.plist.strings; name = ja; path = ja.lproj/Localizable.strings; sourceTree = "<group>"; };
		7E8726592AAEAE3B000BF9A7 /* ko */ = {isa = PBXFileReference; lastKnownFileType = text.plist.strings; name = ko; path = ko.lproj/Localizable.strings; sourceTree = "<group>"; };
		7E87265A2AAEBAB2000BF9A7 /* String+Extension.swift */ = {isa = PBXFileReference; lastKnownFileType = sourcecode.swift; path = "String+Extension.swift"; sourceTree = "<group>"; };
		7E87265F2AAEBDDC000BF9A7 /* en */ = {isa = PBXFileReference; lastKnownFileType = text.plist.strings; name = en; path = en.lproj/InfoPlist.strings; sourceTree = "<group>"; };
		7E8726612AAEBDDF000BF9A7 /* ja */ = {isa = PBXFileReference; lastKnownFileType = text.plist.strings; name = ja; path = ja.lproj/InfoPlist.strings; sourceTree = "<group>"; };
		7E8726622AAEBDE0000BF9A7 /* ko */ = {isa = PBXFileReference; lastKnownFileType = text.plist.strings; name = ko; path = ko.lproj/InfoPlist.strings; sourceTree = "<group>"; };
		7E87266B2AAFED54000BF9A7 /* LoginViewController.swift */ = {isa = PBXFileReference; lastKnownFileType = sourcecode.swift; path = LoginViewController.swift; sourceTree = "<group>"; };
		7E87266D2AAFF2FB000BF9A7 /* Observable.swift */ = {isa = PBXFileReference; lastKnownFileType = sourcecode.swift; path = Observable.swift; sourceTree = "<group>"; };
		7E87266F2AAFFDE7000BF9A7 /* SampleViewController.swift */ = {isa = PBXFileReference; lastKnownFileType = sourcecode.swift; path = SampleViewController.swift; sourceTree = "<group>"; };
		7E8726722AB0015A000BF9A7 /* SampleViewModel.swift */ = {isa = PBXFileReference; lastKnownFileType = sourcecode.swift; path = SampleViewModel.swift; sourceTree = "<group>"; };
		7E8726742AB00E45000BF9A7 /* LoginViewModel.swift */ = {isa = PBXFileReference; lastKnownFileType = sourcecode.swift; path = LoginViewModel.swift; sourceTree = "<group>"; };
		7E8726772AB02A47000BF9A7 /* Photo.swift */ = {isa = PBXFileReference; lastKnownFileType = sourcecode.swift; path = Photo.swift; sourceTree = "<group>"; };
		7E8726792AB02A5D000BF9A7 /* APIService.swift */ = {isa = PBXFileReference; lastKnownFileType = sourcecode.swift; path = APIService.swift; sourceTree = "<group>"; };
		7E87267B2AB02B44000BF9A7 /* PhotoViewController.swift */ = {isa = PBXFileReference; lastKnownFileType = sourcecode.swift; path = PhotoViewController.swift; sourceTree = "<group>"; };
		7E87267D2AB02DA5000BF9A7 /* PhotoViewModel.swift */ = {isa = PBXFileReference; lastKnownFileType = sourcecode.swift; path = PhotoViewModel.swift; sourceTree = "<group>"; };
		7E8726802AB139D9000BF9A7 /* CalculateViewController.swift */ = {isa = PBXFileReference; lastKnownFileType = sourcecode.swift; path = CalculateViewController.swift; sourceTree = "<group>"; };
		7E8726822AB13B44000BF9A7 /* CalculateViewModel.swift */ = {isa = PBXFileReference; lastKnownFileType = sourcecode.swift; path = CalculateViewModel.swift; sourceTree = "<group>"; };
		7E8726842AB13DAC000BF9A7 /* CalObservable.swift */ = {isa = PBXFileReference; lastKnownFileType = sourcecode.swift; path = CalObservable.swift; sourceTree = "<group>"; };
		7E87268E2AB296FC000BF9A7 /* SimpleTableViewController.swift */ = {isa = PBXFileReference; lastKnownFileType = sourcecode.swift; path = SimpleTableViewController.swift; sourceTree = "<group>"; };
		7E8726902AB2A00F000BF9A7 /* SimpleCollectionViewController.swift */ = {isa = PBXFileReference; lastKnownFileType = sourcecode.swift; path = SimpleCollectionViewController.swift; sourceTree = "<group>"; };
		7E8726992AB73E67000BF9A7 /* FocusModeViewController.swift */ = {isa = PBXFileReference; lastKnownFileType = sourcecode.swift; path = FocusModeViewController.swift; sourceTree = "<group>"; };
		7E87269B2AB74043000BF9A7 /* FocusMode.swift */ = {isa = PBXFileReference; lastKnownFileType = sourcecode.swift; path = FocusMode.swift; sourceTree = "<group>"; };
		7E87269D2AB74D75000BF9A7 /* FocusModeType.swift */ = {isa = PBXFileReference; lastKnownFileType = sourcecode.swift; path = FocusModeType.swift; sourceTree = "<group>"; };
		7E87269F2AB7D345000BF9A7 /* NumberViewController.swift */ = {isa = PBXFileReference; lastKnownFileType = sourcecode.swift; path = NumberViewController.swift; sourceTree = "<group>"; };
		7E8726A12AB7D931000BF9A7 /* NumberViewModel.swift */ = {isa = PBXFileReference; lastKnownFileType = sourcecode.swift; path = NumberViewModel.swift; sourceTree = "<group>"; };
		7E8726A32AB7E79E000BF9A7 /* SimpleViewModel.swift */ = {isa = PBXFileReference; lastKnownFileType = sourcecode.swift; path = SimpleViewModel.swift; sourceTree = "<group>"; };
		7E8726A52AB8BD73000BF9A7 /* .gitignore */ = {isa = PBXFileReference; lastKnownFileType = text; path = .gitignore; sourceTree = "<group>"; };
/* End PBXFileReference section */

/* Begin PBXFrameworksBuildPhase section */
		7E8726332AAE993B000BF9A7 /* Frameworks */ = {
			isa = PBXFrameworksBuildPhase;
			buildActionMask = 2147483647;
			files = (
				7E8726942AB2A9DA000BF9A7 /* SnapKit in Frameworks */,
			);
			runOnlyForDeploymentPostprocessing = 0;
		};
/* End PBXFrameworksBuildPhase section */

/* Begin PBXGroup section */
		3285D0F52AB86C0300584B29 /* SignUp */ = {
			isa = PBXGroup;
			children = (
				3285D0F62AB86C1600584B29 /* SignUpViewController.swift */,
				3285D0F82AB86CB700584B29 /* SignUpView.swift */,
				3285D0FA2AB870B600584B29 /* SignUpFieldType.swift */,
				3285D0FC2AB89D0400584B29 /* SignUpViewModel.swift */,
			);
			path = SignUp;
			sourceTree = "<group>";
		};
		7E87262D2AAE993B000BF9A7 = {
			isa = PBXGroup;
			children = (
				7E8726382AAE993B000BF9A7 /* SeSACUnsplash */,
				7E8726372AAE993B000BF9A7 /* Products */,
			);
			sourceTree = "<group>";
		};
		7E8726372AAE993B000BF9A7 /* Products */ = {
			isa = PBXGroup;
			children = (
				7E8726362AAE993B000BF9A7 /* SeSACUnsplash.app */,
			);
			name = Products;
			sourceTree = "<group>";
		};
		7E8726382AAE993B000BF9A7 /* SeSACUnsplash */ = {
			isa = PBXGroup;
			children = (
				3285D0F52AB86C0300584B29 /* SignUp */,
				7E8726982AB73E1C000BF9A7 /* Setting */,
				7E87268D2AB296D9000BF9A7 /* New */,
				7E87267F2AB139B1000BF9A7 /* Calculate */,
				7E8726762AB02A3E000BF9A7 /* Photo */,
				7E8726712AB0014B000BF9A7 /* Sample */,
				7E87266A2AAFED3B000BF9A7 /* Login */,
				7E8726392AAE993B000BF9A7 /* AppDelegate.swift */,
				7E87263B2AAE993B000BF9A7 /* SceneDelegate.swift */,
				7E87263D2AAE993B000BF9A7 /* ViewController.swift */,
				7E87263F2AAE993B000BF9A7 /* Main.storyboard */,
				7E8726422AAE993C000BF9A7 /* Assets.xcassets */,
				7E8726442AAE993C000BF9A7 /* LaunchScreen.storyboard */,
				7E8726472AAE993C000BF9A7 /* Info.plist */,
				7E8726572AAEAE2C000BF9A7 /* Localizable.strings */,
				7E87265A2AAEBAB2000BF9A7 /* String+Extension.swift */,
				7E8726602AAEBDDC000BF9A7 /* InfoPlist.strings */,
				7E8726A52AB8BD73000BF9A7 /* .gitignore */,
			);
			path = SeSACUnsplash;
			sourceTree = "<group>";
		};
		7E87266A2AAFED3B000BF9A7 /* Login */ = {
			isa = PBXGroup;
			children = (
				7E87266B2AAFED54000BF9A7 /* LoginViewController.swift */,
				7E87266D2AAFF2FB000BF9A7 /* Observable.swift */,
				7E8726742AB00E45000BF9A7 /* LoginViewModel.swift */,
				7E87269F2AB7D345000BF9A7 /* NumberViewController.swift */,
				7E8726A12AB7D931000BF9A7 /* NumberViewModel.swift */,
			);
			path = Login;
			sourceTree = "<group>";
		};
		7E8726712AB0014B000BF9A7 /* Sample */ = {
			isa = PBXGroup;
			children = (
				7E87266F2AAFFDE7000BF9A7 /* SampleViewController.swift */,
				7E8726722AB0015A000BF9A7 /* SampleViewModel.swift */,
			);
			path = Sample;
			sourceTree = "<group>";
		};
		7E8726762AB02A3E000BF9A7 /* Photo */ = {
			isa = PBXGroup;
			children = (
				7E8726772AB02A47000BF9A7 /* Photo.swift */,
				7E8726792AB02A5D000BF9A7 /* APIService.swift */,
				7E87267B2AB02B44000BF9A7 /* PhotoViewController.swift */,
				7E87267D2AB02DA5000BF9A7 /* PhotoViewModel.swift */,
			);
			path = Photo;
			sourceTree = "<group>";
		};
		7E87267F2AB139B1000BF9A7 /* Calculate */ = {
			isa = PBXGroup;
			children = (
				7E8726802AB139D9000BF9A7 /* CalculateViewController.swift */,
				7E8726822AB13B44000BF9A7 /* CalculateViewModel.swift */,
				7E8726842AB13DAC000BF9A7 /* CalObservable.swift */,
			);
			path = Calculate;
			sourceTree = "<group>";
		};
		7E87268D2AB296D9000BF9A7 /* New */ = {
			isa = PBXGroup;
			children = (
				7E87268E2AB296FC000BF9A7 /* SimpleTableViewController.swift */,
				7E8726902AB2A00F000BF9A7 /* SimpleCollectionViewController.swift */,
				7E8726A32AB7E79E000BF9A7 /* SimpleViewModel.swift */,
			);
			path = New;
			sourceTree = "<group>";
		};
		7E8726982AB73E1C000BF9A7 /* Setting */ = {
			isa = PBXGroup;
			children = (
				7E8726992AB73E67000BF9A7 /* FocusModeViewController.swift */,
				7E87269B2AB74043000BF9A7 /* FocusMode.swift */,
				7E87269D2AB74D75000BF9A7 /* FocusModeType.swift */,
			);
			path = Setting;
			sourceTree = "<group>";
		};
/* End PBXGroup section */

/* Begin PBXNativeTarget section */
		7E8726352AAE993B000BF9A7 /* SeSACUnsplash */ = {
			isa = PBXNativeTarget;
			buildConfigurationList = 7E87264A2AAE993C000BF9A7 /* Build configuration list for PBXNativeTarget "SeSACUnsplash" */;
			buildPhases = (
				7E8726322AAE993B000BF9A7 /* Sources */,
				7E8726332AAE993B000BF9A7 /* Frameworks */,
				7E8726342AAE993B000BF9A7 /* Resources */,
			);
			buildRules = (
			);
			dependencies = (
			);
			name = SeSACUnsplash;
			packageProductDependencies = (
				7E8726932AB2A9DA000BF9A7 /* SnapKit */,
			);
			productName = SeSACUnsplash;
			productReference = 7E8726362AAE993B000BF9A7 /* SeSACUnsplash.app */;
			productType = "com.apple.product-type.application";
		};
/* End PBXNativeTarget section */

/* Begin PBXProject section */
		7E87262E2AAE993B000BF9A7 /* Project object */ = {
			isa = PBXProject;
			attributes = {
				BuildIndependentTargetsInParallel = 1;
				LastSwiftUpdateCheck = 1430;
				LastUpgradeCheck = 1430;
				TargetAttributes = {
					7E8726352AAE993B000BF9A7 = {
						CreatedOnToolsVersion = 14.3.1;
					};
				};
			};
			buildConfigurationList = 7E8726312AAE993B000BF9A7 /* Build configuration list for PBXProject "SeSACUnsplash" */;
			compatibilityVersion = "Xcode 14.0";
			developmentRegion = en;
			hasScannedForEncodings = 0;
			knownRegions = (
				en,
				Base,
				ko,
				ja,
			);
			mainGroup = 7E87262D2AAE993B000BF9A7;
			packageReferences = (
				7E8726922AB2A9DA000BF9A7 /* XCRemoteSwiftPackageReference "SnapKit" */,
			);
			productRefGroup = 7E8726372AAE993B000BF9A7 /* Products */;
			projectDirPath = "";
			projectRoot = "";
			targets = (
				7E8726352AAE993B000BF9A7 /* SeSACUnsplash */,
			);
		};
/* End PBXProject section */

/* Begin PBXResourcesBuildPhase section */
		7E8726342AAE993B000BF9A7 /* Resources */ = {
			isa = PBXResourcesBuildPhase;
			buildActionMask = 2147483647;
			files = (
				7E8726462AAE993C000BF9A7 /* LaunchScreen.storyboard in Resources */,
				7E8726552AAEAE2C000BF9A7 /* Localizable.strings in Resources */,
				7E8726432AAE993C000BF9A7 /* Assets.xcassets in Resources */,
				7E8726412AAE993B000BF9A7 /* Main.storyboard in Resources */,
				7E8726A62AB8BD73000BF9A7 /* .gitignore in Resources */,
				7E87265E2AAEBDDC000BF9A7 /* InfoPlist.strings in Resources */,
			);
			runOnlyForDeploymentPostprocessing = 0;
		};
/* End PBXResourcesBuildPhase section */

/* Begin PBXSourcesBuildPhase section */
		7E8726322AAE993B000BF9A7 /* Sources */ = {
			isa = PBXSourcesBuildPhase;
			buildActionMask = 2147483647;
			files = (
				7E87268F2AB296FC000BF9A7 /* SimpleTableViewController.swift in Sources */,
				7E87265B2AAEBAB2000BF9A7 /* String+Extension.swift in Sources */,
				7E87263E2AAE993B000BF9A7 /* ViewController.swift in Sources */,
				7E87263A2AAE993B000BF9A7 /* AppDelegate.swift in Sources */,
				3285D0F72AB86C1600584B29 /* SignUpViewController.swift in Sources */,
				3285D0FB2AB870B600584B29 /* SignUpFieldType.swift in Sources */,
				3285D0FD2AB89D0400584B29 /* SignUpViewModel.swift in Sources */,
				7E8726912AB2A00F000BF9A7 /* SimpleCollectionViewController.swift in Sources */,
				7E87269E2AB74D75000BF9A7 /* FocusModeType.swift in Sources */,
				7E8726852AB13DAC000BF9A7 /* CalObservable.swift in Sources */,
				3285D0F92AB86CB700584B29 /* SignUpView.swift in Sources */,
				7E87266C2AAFED54000BF9A7 /* LoginViewController.swift in Sources */,
				7E87267A2AB02A5D000BF9A7 /* APIService.swift in Sources */,
				7E87267C2AB02B44000BF9A7 /* PhotoViewController.swift in Sources */,
				7E8726782AB02A47000BF9A7 /* Photo.swift in Sources */,
				7E8726832AB13B44000BF9A7 /* CalculateViewModel.swift in Sources */,
				7E8726812AB139D9000BF9A7 /* CalculateViewController.swift in Sources */,
				7E87266E2AAFF2FB000BF9A7 /* Observable.swift in Sources */,
				7E8726A42AB7E79E000BF9A7 /* SimpleViewModel.swift in Sources */,
				7E8726A22AB7D931000BF9A7 /* NumberViewModel.swift in Sources */,
				7E87263C2AAE993B000BF9A7 /* SceneDelegate.swift in Sources */,
				7E8726732AB0015A000BF9A7 /* SampleViewModel.swift in Sources */,
				7E87269C2AB74043000BF9A7 /* FocusMode.swift in Sources */,
				7E87267E2AB02DA5000BF9A7 /* PhotoViewModel.swift in Sources */,
				7E8726702AAFFDE7000BF9A7 /* SampleViewController.swift in Sources */,
				7E8726A02AB7D345000BF9A7 /* NumberViewController.swift in Sources */,
				7E87269A2AB73E67000BF9A7 /* FocusModeViewController.swift in Sources */,
				7E8726752AB00E45000BF9A7 /* LoginViewModel.swift in Sources */,
			);
			runOnlyForDeploymentPostprocessing = 0;
		};
/* End PBXSourcesBuildPhase section */

/* Begin PBXVariantGroup section */
		7E87263F2AAE993B000BF9A7 /* Main.storyboard */ = {
			isa = PBXVariantGroup;
			children = (
				7E8726402AAE993B000BF9A7 /* Base */,
				7E87264D2AAE9CB9000BF9A7 /* ko */,
				7E87264F2AAE9CC1000BF9A7 /* ja */,
				7E8726522AAE9DBE000BF9A7 /* en */,
			);
			name = Main.storyboard;
			sourceTree = "<group>";
		};
		7E8726442AAE993C000BF9A7 /* LaunchScreen.storyboard */ = {
			isa = PBXVariantGroup;
			children = (
				7E8726452AAE993C000BF9A7 /* Base */,
				7E87264E2AAE9CB9000BF9A7 /* ko */,
				7E8726502AAE9CC1000BF9A7 /* ja */,
			);
			name = LaunchScreen.storyboard;
			sourceTree = "<group>";
		};
		7E8726572AAEAE2C000BF9A7 /* Localizable.strings */ = {
			isa = PBXVariantGroup;
			children = (
				7E8726562AAEAE2C000BF9A7 /* en */,
				7E8726582AAEAE3A000BF9A7 /* ja */,
				7E8726592AAEAE3B000BF9A7 /* ko */,
			);
			name = Localizable.strings;
			sourceTree = "<group>";
		};
		7E8726602AAEBDDC000BF9A7 /* InfoPlist.strings */ = {
			isa = PBXVariantGroup;
			children = (
				7E87265F2AAEBDDC000BF9A7 /* en */,
				7E8726612AAEBDDF000BF9A7 /* ja */,
				7E8726622AAEBDE0000BF9A7 /* ko */,
			);
			name = InfoPlist.strings;
			sourceTree = "<group>";
		};
/* End PBXVariantGroup section */

/* Begin XCBuildConfiguration section */
		7E8726482AAE993C000BF9A7 /* Debug */ = {
			isa = XCBuildConfiguration;
			buildSettings = {
				ALWAYS_SEARCH_USER_PATHS = NO;
				CLANG_ANALYZER_LOCALIZABILITY_NONLOCALIZED = YES;
				CLANG_ANALYZER_NONNULL = YES;
				CLANG_ANALYZER_NUMBER_OBJECT_CONVERSION = YES_AGGRESSIVE;
				CLANG_CXX_LANGUAGE_STANDARD = "gnu++20";
				CLANG_ENABLE_MODULES = YES;
				CLANG_ENABLE_OBJC_ARC = YES;
				CLANG_ENABLE_OBJC_WEAK = YES;
				CLANG_WARN_BLOCK_CAPTURE_AUTORELEASING = YES;
				CLANG_WARN_BOOL_CONVERSION = YES;
				CLANG_WARN_COMMA = YES;
				CLANG_WARN_CONSTANT_CONVERSION = YES;
				CLANG_WARN_DEPRECATED_OBJC_IMPLEMENTATIONS = YES;
				CLANG_WARN_DIRECT_OBJC_ISA_USAGE = YES_ERROR;
				CLANG_WARN_DOCUMENTATION_COMMENTS = YES;
				CLANG_WARN_EMPTY_BODY = YES;
				CLANG_WARN_ENUM_CONVERSION = YES;
				CLANG_WARN_INFINITE_RECURSION = YES;
				CLANG_WARN_INT_CONVERSION = YES;
				CLANG_WARN_NON_LITERAL_NULL_CONVERSION = YES;
				CLANG_WARN_OBJC_IMPLICIT_RETAIN_SELF = YES;
				CLANG_WARN_OBJC_LITERAL_CONVERSION = YES;
				CLANG_WARN_OBJC_ROOT_CLASS = YES_ERROR;
				CLANG_WARN_QUOTED_INCLUDE_IN_FRAMEWORK_HEADER = YES;
				CLANG_WARN_RANGE_LOOP_ANALYSIS = YES;
				CLANG_WARN_STRICT_PROTOTYPES = YES;
				CLANG_WARN_SUSPICIOUS_MOVE = YES;
				CLANG_WARN_UNGUARDED_AVAILABILITY = YES_AGGRESSIVE;
				CLANG_WARN_UNREACHABLE_CODE = YES;
				CLANG_WARN__DUPLICATE_METHOD_MATCH = YES;
				COPY_PHASE_STRIP = NO;
				DEBUG_INFORMATION_FORMAT = dwarf;
				ENABLE_STRICT_OBJC_MSGSEND = YES;
				ENABLE_TESTABILITY = YES;
				GCC_C_LANGUAGE_STANDARD = gnu11;
				GCC_DYNAMIC_NO_PIC = NO;
				GCC_NO_COMMON_BLOCKS = YES;
				GCC_OPTIMIZATION_LEVEL = 0;
				GCC_PREPROCESSOR_DEFINITIONS = (
					"DEBUG=1",
					"$(inherited)",
				);
				GCC_WARN_64_TO_32_BIT_CONVERSION = YES;
				GCC_WARN_ABOUT_RETURN_TYPE = YES_ERROR;
				GCC_WARN_UNDECLARED_SELECTOR = YES;
				GCC_WARN_UNINITIALIZED_AUTOS = YES_AGGRESSIVE;
				GCC_WARN_UNUSED_FUNCTION = YES;
				GCC_WARN_UNUSED_VARIABLE = YES;
				IPHONEOS_DEPLOYMENT_TARGET = 16.4;
				MTL_ENABLE_DEBUG_INFO = INCLUDE_SOURCE;
				MTL_FAST_MATH = YES;
				ONLY_ACTIVE_ARCH = YES;
				SDKROOT = iphoneos;
				SWIFT_ACTIVE_COMPILATION_CONDITIONS = DEBUG;
				SWIFT_OPTIMIZATION_LEVEL = "-Onone";
			};
			name = Debug;
		};
		7E8726492AAE993C000BF9A7 /* Release */ = {
			isa = XCBuildConfiguration;
			buildSettings = {
				ALWAYS_SEARCH_USER_PATHS = NO;
				CLANG_ANALYZER_LOCALIZABILITY_NONLOCALIZED = YES;
				CLANG_ANALYZER_NONNULL = YES;
				CLANG_ANALYZER_NUMBER_OBJECT_CONVERSION = YES_AGGRESSIVE;
				CLANG_CXX_LANGUAGE_STANDARD = "gnu++20";
				CLANG_ENABLE_MODULES = YES;
				CLANG_ENABLE_OBJC_ARC = YES;
				CLANG_ENABLE_OBJC_WEAK = YES;
				CLANG_WARN_BLOCK_CAPTURE_AUTORELEASING = YES;
				CLANG_WARN_BOOL_CONVERSION = YES;
				CLANG_WARN_COMMA = YES;
				CLANG_WARN_CONSTANT_CONVERSION = YES;
				CLANG_WARN_DEPRECATED_OBJC_IMPLEMENTATIONS = YES;
				CLANG_WARN_DIRECT_OBJC_ISA_USAGE = YES_ERROR;
				CLANG_WARN_DOCUMENTATION_COMMENTS = YES;
				CLANG_WARN_EMPTY_BODY = YES;
				CLANG_WARN_ENUM_CONVERSION = YES;
				CLANG_WARN_INFINITE_RECURSION = YES;
				CLANG_WARN_INT_CONVERSION = YES;
				CLANG_WARN_NON_LITERAL_NULL_CONVERSION = YES;
				CLANG_WARN_OBJC_IMPLICIT_RETAIN_SELF = YES;
				CLANG_WARN_OBJC_LITERAL_CONVERSION = YES;
				CLANG_WARN_OBJC_ROOT_CLASS = YES_ERROR;
				CLANG_WARN_QUOTED_INCLUDE_IN_FRAMEWORK_HEADER = YES;
				CLANG_WARN_RANGE_LOOP_ANALYSIS = YES;
				CLANG_WARN_STRICT_PROTOTYPES = YES;
				CLANG_WARN_SUSPICIOUS_MOVE = YES;
				CLANG_WARN_UNGUARDED_AVAILABILITY = YES_AGGRESSIVE;
				CLANG_WARN_UNREACHABLE_CODE = YES;
				CLANG_WARN__DUPLICATE_METHOD_MATCH = YES;
				COPY_PHASE_STRIP = NO;
				DEBUG_INFORMATION_FORMAT = "dwarf-with-dsym";
				ENABLE_NS_ASSERTIONS = NO;
				ENABLE_STRICT_OBJC_MSGSEND = YES;
				GCC_C_LANGUAGE_STANDARD = gnu11;
				GCC_NO_COMMON_BLOCKS = YES;
				GCC_WARN_64_TO_32_BIT_CONVERSION = YES;
				GCC_WARN_ABOUT_RETURN_TYPE = YES_ERROR;
				GCC_WARN_UNDECLARED_SELECTOR = YES;
				GCC_WARN_UNINITIALIZED_AUTOS = YES_AGGRESSIVE;
				GCC_WARN_UNUSED_FUNCTION = YES;
				GCC_WARN_UNUSED_VARIABLE = YES;
				IPHONEOS_DEPLOYMENT_TARGET = 16.4;
				MTL_ENABLE_DEBUG_INFO = NO;
				MTL_FAST_MATH = YES;
				SDKROOT = iphoneos;
				SWIFT_COMPILATION_MODE = wholemodule;
				SWIFT_OPTIMIZATION_LEVEL = "-O";
				VALIDATE_PRODUCT = YES;
			};
			name = Release;
		};
		7E87264B2AAE993C000BF9A7 /* Debug */ = {
			isa = XCBuildConfiguration;
			buildSettings = {
				ASSETCATALOG_COMPILER_APPICON_NAME = AppIcon;
				ASSETCATALOG_COMPILER_GLOBAL_ACCENT_COLOR_NAME = AccentColor;
				CODE_SIGN_STYLE = Automatic;
				CURRENT_PROJECT_VERSION = 1;
				GENERATE_INFOPLIST_FILE = YES;
				INFOPLIST_FILE = SeSACUnsplash/Info.plist;
				INFOPLIST_KEY_UIApplicationSupportsIndirectInputEvents = YES;
				INFOPLIST_KEY_UILaunchStoryboardName = LaunchScreen;
				INFOPLIST_KEY_UIMainStoryboardFile = Main;
				INFOPLIST_KEY_UISupportedInterfaceOrientations = UIInterfaceOrientationPortrait;
				INFOPLIST_KEY_UISupportedInterfaceOrientations_iPad = "UIInterfaceOrientationLandscapeLeft UIInterfaceOrientationLandscapeRight UIInterfaceOrientationPortrait UIInterfaceOrientationPortraitUpsideDown";
				LD_RUNPATH_SEARCH_PATHS = (
					"$(inherited)",
					"@executable_path/Frameworks",
				);
				MARKETING_VERSION = 1.0;
				PRODUCT_BUNDLE_IDENTIFIER = com.sesacRain.SeSACUnsplash;
				PRODUCT_NAME = "$(TARGET_NAME)";
				SUPPORTED_PLATFORMS = "iphoneos iphonesimulator";
				SUPPORTS_MACCATALYST = NO;
				SUPPORTS_MAC_DESIGNED_FOR_IPHONE_IPAD = NO;
				SWIFT_EMIT_LOC_STRINGS = YES;
				SWIFT_VERSION = 5.0;
				TARGETED_DEVICE_FAMILY = 1;
			};
			name = Debug;
		};
		7E87264C2AAE993C000BF9A7 /* Release */ = {
			isa = XCBuildConfiguration;
			buildSettings = {
				ASSETCATALOG_COMPILER_APPICON_NAME = AppIcon;
				ASSETCATALOG_COMPILER_GLOBAL_ACCENT_COLOR_NAME = AccentColor;
				CODE_SIGN_STYLE = Automatic;
				CURRENT_PROJECT_VERSION = 1;
				GENERATE_INFOPLIST_FILE = YES;
				INFOPLIST_FILE = SeSACUnsplash/Info.plist;
				INFOPLIST_KEY_UIApplicationSupportsIndirectInputEvents = YES;
				INFOPLIST_KEY_UILaunchStoryboardName = LaunchScreen;
				INFOPLIST_KEY_UIMainStoryboardFile = Main;
				INFOPLIST_KEY_UISupportedInterfaceOrientations = UIInterfaceOrientationPortrait;
				INFOPLIST_KEY_UISupportedInterfaceOrientations_iPad = "UIInterfaceOrientationLandscapeLeft UIInterfaceOrientationLandscapeRight UIInterfaceOrientationPortrait UIInterfaceOrientationPortraitUpsideDown";
				LD_RUNPATH_SEARCH_PATHS = (
					"$(inherited)",
					"@executable_path/Frameworks",
				);
				MARKETING_VERSION = 1.0;
				PRODUCT_BUNDLE_IDENTIFIER = com.sesacRain.SeSACUnsplash;
				PRODUCT_NAME = "$(TARGET_NAME)";
				SUPPORTED_PLATFORMS = "iphoneos iphonesimulator";
				SUPPORTS_MACCATALYST = NO;
				SUPPORTS_MAC_DESIGNED_FOR_IPHONE_IPAD = NO;
				SWIFT_EMIT_LOC_STRINGS = YES;
				SWIFT_VERSION = 5.0;
				TARGETED_DEVICE_FAMILY = 1;
			};
			name = Release;
		};
/* End XCBuildConfiguration section */

/* Begin XCConfigurationList section */
		7E8726312AAE993B000BF9A7 /* Build configuration list for PBXProject "SeSACUnsplash" */ = {
			isa = XCConfigurationList;
			buildConfigurations = (
				7E8726482AAE993C000BF9A7 /* Debug */,
				7E8726492AAE993C000BF9A7 /* Release */,
			);
			defaultConfigurationIsVisible = 0;
			defaultConfigurationName = Release;
		};
		7E87264A2AAE993C000BF9A7 /* Build configuration list for PBXNativeTarget "SeSACUnsplash" */ = {
			isa = XCConfigurationList;
			buildConfigurations = (
				7E87264B2AAE993C000BF9A7 /* Debug */,
				7E87264C2AAE993C000BF9A7 /* Release */,
			);
			defaultConfigurationIsVisible = 0;
			defaultConfigurationName = Release;
		};
/* End XCConfigurationList section */

/* Begin XCRemoteSwiftPackageReference section */
		7E8726922AB2A9DA000BF9A7 /* XCRemoteSwiftPackageReference "SnapKit" */ = {
			isa = XCRemoteSwiftPackageReference;
			repositoryURL = "https://github.com/SnapKit/SnapKit.git";
			requirement = {
				kind = upToNextMajorVersion;
				minimumVersion = 5.0.0;
			};
		};
/* End XCRemoteSwiftPackageReference section */

/* Begin XCSwiftPackageProductDependency section */
		7E8726932AB2A9DA000BF9A7 /* SnapKit */ = {
			isa = XCSwiftPackageProductDependency;
			package = 7E8726922AB2A9DA000BF9A7 /* XCRemoteSwiftPackageReference "SnapKit" */;
			productName = SnapKit;
		};
/* End XCSwiftPackageProductDependency section */
	};
	rootObject = 7E87262E2AAE993B000BF9A7 /* Project object */;
}
